
Microsoft Visual Studio Solution File, Format Version 12.00
# Visual Studio Version 16
VisualStudioVersion = 16.0.30523.141
MinimumVisualStudioVersion = 10.0.40219.1
Project("{FAE04EC0-301F-11D3-BF4B-00C04F79EFBC}") = "githubtest", "githubtest\githubtest.csproj", "{304B5EF3-68D4-4D16-9662-E189B32C10D2}"
EndProject
Global
	GlobalSection(SolutionConfigurationPlatforms) = preSolution
		Debug|Any CPU = Debug|Any CPU
		Release|Any CPU = Release|Any CPU
	EndGlobalSection
	GlobalSection(ProjectConfigurationPlatforms) = postSolution
		{304B5EF3-68D4-4D16-9662-E189B32C10D2}.Debug|Any CPU.ActiveCfg = Debug|Any CPU
		{304B5EF3-68D4-4D16-9662-E189B32C10D2}.Debug|Any CPU.Build.0 = Debug|Any CPU
		{304B5EF3-68D4-4D16-9662-E189B32C10D2}.Release|Any CPU.ActiveCfg = Release|Any CPU
		{304B5EF3-68D4-4D16-9662-E189B32C10D2}.Release|Any CPU.Build.0 = Release|Any CPU
	EndGlobalSection
	GlobalSection(SolutionProperties) = preSolution
		HideSolutionNode = FALSE
	EndGlobalSection
	GlobalSection(ExtensibilityGlobals) = postSolution
		SolutionGuid = {B5852CE3-29CD-4F70-AD67-086C24E2FDD7}
	EndGlobalSection
EndGlobal
